// !$*UTF8*$!
{
	archiveVersion = 1;
	classes = {
	};
	objectVersion = 55;
	objects = {

/* Begin PBXBuildFile section */
		FA67E92529ACFB9400A5AE3E /* HomePresenter.swift in Sources */ = {isa = PBXBuildFile; fileRef = FA67E91F29ACFB9400A5AE3E /* HomePresenter.swift */; };
		FA67E92629ACFB9400A5AE3E /* HomeWorker.swift in Sources */ = {isa = PBXBuildFile; fileRef = FA67E92029ACFB9400A5AE3E /* HomeWorker.swift */; };
		FA67E92729ACFB9400A5AE3E /* HomeRouter.swift in Sources */ = {isa = PBXBuildFile; fileRef = FA67E92129ACFB9400A5AE3E /* HomeRouter.swift */; };
		FA67E92829ACFB9400A5AE3E /* HomeModels.swift in Sources */ = {isa = PBXBuildFile; fileRef = FA67E92229ACFB9400A5AE3E /* HomeModels.swift */; };
		FA67E92929ACFB9400A5AE3E /* HomeViewController.swift in Sources */ = {isa = PBXBuildFile; fileRef = FA67E92329ACFB9400A5AE3E /* HomeViewController.swift */; };
		FA67E92A29ACFB9400A5AE3E /* HomeInteractor.swift in Sources */ = {isa = PBXBuildFile; fileRef = FA67E92429ACFB9400A5AE3E /* HomeInteractor.swift */; };
		FA67E92C29ACFD2200A5AE3E /* HomeView.swift in Sources */ = {isa = PBXBuildFile; fileRef = FA67E92B29ACFD2200A5AE3E /* HomeView.swift */; };
		FA953E2929A7D2430080C863 /* UserBusiness.swift in Sources */ = {isa = PBXBuildFile; fileRef = FA953E2829A7D2430080C863 /* UserBusiness.swift */; };
		FA953E2B29A7D7BE0080C863 /* UserManager.swift in Sources */ = {isa = PBXBuildFile; fileRef = FA953E2A29A7D7BE0080C863 /* UserManager.swift */; };
		FA953E3329A7E4780080C863 /* SwiftArquiteturasTests.swift in Sources */ = {isa = PBXBuildFile; fileRef = FA953E3229A7E4780080C863 /* SwiftArquiteturasTests.swift */; };
		FA953E4029A7E48D0080C863 /* SwiftArquiteturasUITests.swift in Sources */ = {isa = PBXBuildFile; fileRef = FA953E3F29A7E48D0080C863 /* SwiftArquiteturasUITests.swift */; };
		FA953E4229A7E48D0080C863 /* SwiftArquiteturasUITestsLaunchTests.swift in Sources */ = {isa = PBXBuildFile; fileRef = FA953E4129A7E48D0080C863 /* SwiftArquiteturasUITestsLaunchTests.swift */; };
		FAE65A4529A7A61500CA5BAA /* AppDelegate.swift in Sources */ = {isa = PBXBuildFile; fileRef = FAE65A4429A7A61500CA5BAA /* AppDelegate.swift */; };
		FAE65A4729A7A61500CA5BAA /* SceneDelegate.swift in Sources */ = {isa = PBXBuildFile; fileRef = FAE65A4629A7A61500CA5BAA /* SceneDelegate.swift */; };
		FAE65A4929A7A61500CA5BAA /* ViewController.swift in Sources */ = {isa = PBXBuildFile; fileRef = FAE65A4829A7A61500CA5BAA /* ViewController.swift */; };
		FAE65A4C29A7A61500CA5BAA /* Main.storyboard in Resources */ = {isa = PBXBuildFile; fileRef = FAE65A4A29A7A61500CA5BAA /* Main.storyboard */; };
		FAE65A4E29A7A61600CA5BAA /* Assets.xcassets in Resources */ = {isa = PBXBuildFile; fileRef = FAE65A4D29A7A61600CA5BAA /* Assets.xcassets */; };
		FAE65A5129A7A61600CA5BAA /* LaunchScreen.storyboard in Resources */ = {isa = PBXBuildFile; fileRef = FAE65A4F29A7A61600CA5BAA /* LaunchScreen.storyboard */; };
		FAE65A5929A7A6CB00CA5BAA /* GoogleService-Info.plist in Resources */ = {isa = PBXBuildFile; fileRef = FAE65A5829A7A6CB00CA5BAA /* GoogleService-Info.plist */; };
		FAE65A5C29A7A87200CA5BAA /* FirebaseAuth in Frameworks */ = {isa = PBXBuildFile; productRef = FAE65A5B29A7A87200CA5BAA /* FirebaseAuth */; };
		FAE65A6529A7B0D500CA5BAA /* UserProvider.swift in Sources */ = {isa = PBXBuildFile; fileRef = FAE65A6429A7B0D500CA5BAA /* UserProvider.swift */; };
		FAE65A6829A7B19D00CA5BAA /* UserModel.swift in Sources */ = {isa = PBXBuildFile; fileRef = FAE65A6729A7B19D00CA5BAA /* UserModel.swift */; };
		FAE65A6B29A7B64200CA5BAA /* Constants.swift in Sources */ = {isa = PBXBuildFile; fileRef = FAE65A6A29A7B64200CA5BAA /* Constants.swift */; };
/* End PBXBuildFile section */

/* Begin PBXContainerItemProxy section */
		FA953E3429A7E4780080C863 /* PBXContainerItemProxy */ = {
			isa = PBXContainerItemProxy;
			containerPortal = FAE65A3929A7A61500CA5BAA /* Project object */;
			proxyType = 1;
			remoteGlobalIDString = FAE65A4029A7A61500CA5BAA;
			remoteInfo = SwiftArquiteturas;
		};
		FA953E4329A7E48D0080C863 /* PBXContainerItemProxy */ = {
			isa = PBXContainerItemProxy;
			containerPortal = FAE65A3929A7A61500CA5BAA /* Project object */;
			proxyType = 1;
			remoteGlobalIDString = FAE65A4029A7A61500CA5BAA;
			remoteInfo = SwiftArquiteturas;
		};
/* End PBXContainerItemProxy section */

/* Begin PBXFileReference section */
		FA67E91F29ACFB9400A5AE3E /* HomePresenter.swift */ = {isa = PBXFileReference; lastKnownFileType = sourcecode.swift; path = HomePresenter.swift; sourceTree = "<group>"; };
		FA67E92029ACFB9400A5AE3E /* HomeWorker.swift */ = {isa = PBXFileReference; lastKnownFileType = sourcecode.swift; path = HomeWorker.swift; sourceTree = "<group>"; };
		FA67E92129ACFB9400A5AE3E /* HomeRouter.swift */ = {isa = PBXFileReference; lastKnownFileType = sourcecode.swift; path = HomeRouter.swift; sourceTree = "<group>"; };
		FA67E92229ACFB9400A5AE3E /* HomeModels.swift */ = {isa = PBXFileReference; lastKnownFileType = sourcecode.swift; path = HomeModels.swift; sourceTree = "<group>"; };
		FA67E92329ACFB9400A5AE3E /* HomeViewController.swift */ = {isa = PBXFileReference; lastKnownFileType = sourcecode.swift; path = HomeViewController.swift; sourceTree = "<group>"; };
		FA67E92429ACFB9400A5AE3E /* HomeInteractor.swift */ = {isa = PBXFileReference; lastKnownFileType = sourcecode.swift; path = HomeInteractor.swift; sourceTree = "<group>"; };
		FA67E92B29ACFD2200A5AE3E /* HomeView.swift */ = {isa = PBXFileReference; lastKnownFileType = sourcecode.swift; path = HomeView.swift; sourceTree = "<group>"; };
		FA953E2829A7D2430080C863 /* UserBusiness.swift */ = {isa = PBXFileReference; lastKnownFileType = sourcecode.swift; path = UserBusiness.swift; sourceTree = "<group>"; };
		FA953E2A29A7D7BE0080C863 /* UserManager.swift */ = {isa = PBXFileReference; lastKnownFileType = sourcecode.swift; path = UserManager.swift; sourceTree = "<group>"; };
		FA953E3029A7E4780080C863 /* SwiftArquiteturasTests.xctest */ = {isa = PBXFileReference; explicitFileType = wrapper.cfbundle; includeInIndex = 0; path = SwiftArquiteturasTests.xctest; sourceTree = BUILT_PRODUCTS_DIR; };
		FA953E3229A7E4780080C863 /* SwiftArquiteturasTests.swift */ = {isa = PBXFileReference; lastKnownFileType = sourcecode.swift; path = SwiftArquiteturasTests.swift; sourceTree = "<group>"; };
		FA953E3D29A7E48D0080C863 /* SwiftArquiteturasUITests.xctest */ = {isa = PBXFileReference; explicitFileType = wrapper.cfbundle; includeInIndex = 0; path = SwiftArquiteturasUITests.xctest; sourceTree = BUILT_PRODUCTS_DIR; };
		FA953E3F29A7E48D0080C863 /* SwiftArquiteturasUITests.swift */ = {isa = PBXFileReference; lastKnownFileType = sourcecode.swift; path = SwiftArquiteturasUITests.swift; sourceTree = "<group>"; };
		FA953E4129A7E48D0080C863 /* SwiftArquiteturasUITestsLaunchTests.swift */ = {isa = PBXFileReference; lastKnownFileType = sourcecode.swift; path = SwiftArquiteturasUITestsLaunchTests.swift; sourceTree = "<group>"; };
		FAE65A4129A7A61500CA5BAA /* SwiftArquiteturas.app */ = {isa = PBXFileReference; explicitFileType = wrapper.application; includeInIndex = 0; path = SwiftArquiteturas.app; sourceTree = BUILT_PRODUCTS_DIR; };
		FAE65A4429A7A61500CA5BAA /* AppDelegate.swift */ = {isa = PBXFileReference; lastKnownFileType = sourcecode.swift; path = AppDelegate.swift; sourceTree = "<group>"; };
		FAE65A4629A7A61500CA5BAA /* SceneDelegate.swift */ = {isa = PBXFileReference; lastKnownFileType = sourcecode.swift; path = SceneDelegate.swift; sourceTree = "<group>"; };
		FAE65A4829A7A61500CA5BAA /* ViewController.swift */ = {isa = PBXFileReference; lastKnownFileType = sourcecode.swift; path = ViewController.swift; sourceTree = "<group>"; };
		FAE65A4B29A7A61500CA5BAA /* Base */ = {isa = PBXFileReference; lastKnownFileType = file.storyboard; name = Base; path = Base.lproj/Main.storyboard; sourceTree = "<group>"; };
		FAE65A4D29A7A61600CA5BAA /* Assets.xcassets */ = {isa = PBXFileReference; lastKnownFileType = folder.assetcatalog; path = Assets.xcassets; sourceTree = "<group>"; };
		FAE65A5029A7A61600CA5BAA /* Base */ = {isa = PBXFileReference; lastKnownFileType = file.storyboard; name = Base; path = Base.lproj/LaunchScreen.storyboard; sourceTree = "<group>"; };
		FAE65A5229A7A61600CA5BAA /* Info.plist */ = {isa = PBXFileReference; lastKnownFileType = text.plist.xml; path = Info.plist; sourceTree = "<group>"; };
		FAE65A5829A7A6CB00CA5BAA /* GoogleService-Info.plist */ = {isa = PBXFileReference; fileEncoding = 4; lastKnownFileType = text.plist.xml; path = "GoogleService-Info.plist"; sourceTree = "<group>"; };
		FAE65A6429A7B0D500CA5BAA /* UserProvider.swift */ = {isa = PBXFileReference; lastKnownFileType = sourcecode.swift; path = UserProvider.swift; sourceTree = "<group>"; };
		FAE65A6729A7B19D00CA5BAA /* UserModel.swift */ = {isa = PBXFileReference; lastKnownFileType = sourcecode.swift; path = UserModel.swift; sourceTree = "<group>"; };
		FAE65A6A29A7B64200CA5BAA /* Constants.swift */ = {isa = PBXFileReference; lastKnownFileType = sourcecode.swift; path = Constants.swift; sourceTree = "<group>"; };
/* End PBXFileReference section */

/* Begin PBXFrameworksBuildPhase section */
		FA953E2D29A7E4780080C863 /* Frameworks */ = {
			isa = PBXFrameworksBuildPhase;
			buildActionMask = 2147483647;
			files = (
			);
			runOnlyForDeploymentPostprocessing = 0;
		};
		FA953E3A29A7E48D0080C863 /* Frameworks */ = {
			isa = PBXFrameworksBuildPhase;
			buildActionMask = 2147483647;
			files = (
			);
			runOnlyForDeploymentPostprocessing = 0;
		};
		FAE65A3E29A7A61500CA5BAA /* Frameworks */ = {
			isa = PBXFrameworksBuildPhase;
			buildActionMask = 2147483647;
			files = (
				FAE65A5C29A7A87200CA5BAA /* FirebaseAuth in Frameworks */,
			);
			runOnlyForDeploymentPostprocessing = 0;
		};
/* End PBXFrameworksBuildPhase section */

/* Begin PBXGroup section */
		FA67E91B29ACF9D000A5AE3E /* Scene */ = {
			isa = PBXGroup;
			children = (
				FA67E91E29ACF9FF00A5AE3E /* Home */,
				FA67E91D29ACF9F100A5AE3E /* Register */,
				FA67E91C29ACF9E800A5AE3E /* Login */,
			);
			path = Scene;
			sourceTree = "<group>";
		};
		FA67E91C29ACF9E800A5AE3E /* Login */ = {
			isa = PBXGroup;
			children = (
			);
			path = Login;
			sourceTree = "<group>";
		};
		FA67E91D29ACF9F100A5AE3E /* Register */ = {
			isa = PBXGroup;
			children = (
			);
			path = Register;
			sourceTree = "<group>";
		};
		FA67E91E29ACF9FF00A5AE3E /* Home */ = {
			isa = PBXGroup;
			children = (
				FA67E91F29ACFB9400A5AE3E /* HomePresenter.swift */,
				FA67E92029ACFB9400A5AE3E /* HomeWorker.swift */,
				FA67E92129ACFB9400A5AE3E /* HomeRouter.swift */,
				FA67E92229ACFB9400A5AE3E /* HomeModels.swift */,
				FA67E92329ACFB9400A5AE3E /* HomeViewController.swift */,
				FA67E92429ACFB9400A5AE3E /* HomeInteractor.swift */,
				FA67E92B29ACFD2200A5AE3E /* HomeView.swift */,
			);
			path = Home;
			sourceTree = "<group>";
		};
		FA953E3129A7E4780080C863 /* SwiftArquiteturasTests */ = {
			isa = PBXGroup;
			children = (
				FA953E3229A7E4780080C863 /* SwiftArquiteturasTests.swift */,
			);
			path = SwiftArquiteturasTests;
			sourceTree = "<group>";
		};
		FA953E3E29A7E48D0080C863 /* SwiftArquiteturasUITests */ = {
			isa = PBXGroup;
			children = (
				FA953E3F29A7E48D0080C863 /* SwiftArquiteturasUITests.swift */,
				FA953E4129A7E48D0080C863 /* SwiftArquiteturasUITestsLaunchTests.swift */,
			);
			path = SwiftArquiteturasUITests;
			sourceTree = "<group>";
		};
		FAE65A3829A7A61500CA5BAA = {
			isa = PBXGroup;
			children = (
				FAE65A4329A7A61500CA5BAA /* SwiftArquiteturas */,
				FA953E3129A7E4780080C863 /* SwiftArquiteturasTests */,
				FA953E3E29A7E48D0080C863 /* SwiftArquiteturasUITests */,
				FAE65A4229A7A61500CA5BAA /* Products */,
			);
			sourceTree = "<group>";
		};
		FAE65A4229A7A61500CA5BAA /* Products */ = {
			isa = PBXGroup;
			children = (
				FAE65A4129A7A61500CA5BAA /* SwiftArquiteturas.app */,
				FA953E3029A7E4780080C863 /* SwiftArquiteturasTests.xctest */,
				FA953E3D29A7E48D0080C863 /* SwiftArquiteturasUITests.xctest */,
			);
			name = Products;
			sourceTree = "<group>";
		};
		FAE65A4329A7A61500CA5BAA /* SwiftArquiteturas */ = {
			isa = PBXGroup;
			children = (
				FA67E91B29ACF9D000A5AE3E /* Scene */,
				FAE65A6929A7B61E00CA5BAA /* Infrastructure */,
				FAE65A6329A7AF3A00CA5BAA /* Source */,
				FAE65A5D29A7AEE600CA5BAA /* API */,
				FAE65A5229A7A61600CA5BAA /* Info.plist */,
				FAE65A5829A7A6CB00CA5BAA /* GoogleService-Info.plist */,
			);
			path = SwiftArquiteturas;
			sourceTree = "<group>";
		};
		FAE65A5D29A7AEE600CA5BAA /* API */ = {
			isa = PBXGroup;
			children = (
				FAE65A6629A7B18400CA5BAA /* Model */,
				FAE65A6229A7AF1500CA5BAA /* Provider */,
				FAE65A6129A7AF0700CA5BAA /* Manager */,
				FAE65A5E29A7AEF100CA5BAA /* Business */,
			);
			path = API;
			sourceTree = "<group>";
		};
		FAE65A5E29A7AEF100CA5BAA /* Business */ = {
			isa = PBXGroup;
			children = (
				FA953E2829A7D2430080C863 /* UserBusiness.swift */,
			);
			path = Business;
			sourceTree = "<group>";
		};
		FAE65A6129A7AF0700CA5BAA /* Manager */ = {
			isa = PBXGroup;
			children = (
				FA953E2A29A7D7BE0080C863 /* UserManager.swift */,
			);
			path = Manager;
			sourceTree = "<group>";
		};
		FAE65A6229A7AF1500CA5BAA /* Provider */ = {
			isa = PBXGroup;
			children = (
				FAE65A6429A7B0D500CA5BAA /* UserProvider.swift */,
			);
			path = Provider;
			sourceTree = "<group>";
		};
		FAE65A6329A7AF3A00CA5BAA /* Source */ = {
			isa = PBXGroup;
			children = (
				FAE65A4429A7A61500CA5BAA /* AppDelegate.swift */,
				FAE65A4629A7A61500CA5BAA /* SceneDelegate.swift */,
				FAE65A4829A7A61500CA5BAA /* ViewController.swift */,
				FAE65A4A29A7A61500CA5BAA /* Main.storyboard */,
				FAE65A4D29A7A61600CA5BAA /* Assets.xcassets */,
				FAE65A4F29A7A61600CA5BAA /* LaunchScreen.storyboard */,
			);
			path = Source;
			sourceTree = "<group>";
		};
		FAE65A6629A7B18400CA5BAA /* Model */ = {
			isa = PBXGroup;
			children = (
				FAE65A6729A7B19D00CA5BAA /* UserModel.swift */,
			);
			path = Model;
			sourceTree = "<group>";
		};
		FAE65A6929A7B61E00CA5BAA /* Infrastructure */ = {
			isa = PBXGroup;
			children = (
				FAE65A6A29A7B64200CA5BAA /* Constants.swift */,
			);
			path = Infrastructure;
			sourceTree = "<group>";
		};
/* End PBXGroup section */

/* Begin PBXNativeTarget section */
		FA953E2F29A7E4780080C863 /* SwiftArquiteturasTests */ = {
			isa = PBXNativeTarget;
			buildConfigurationList = FA953E3629A7E4780080C863 /* Build configuration list for PBXNativeTarget "SwiftArquiteturasTests" */;
			buildPhases = (
				FA953E2C29A7E4780080C863 /* Sources */,
				FA953E2D29A7E4780080C863 /* Frameworks */,
				FA953E2E29A7E4780080C863 /* Resources */,
			);
			buildRules = (
			);
			dependencies = (
				FA953E3529A7E4780080C863 /* PBXTargetDependency */,
			);
			name = SwiftArquiteturasTests;
			productName = SwiftArquiteturasTests;
			productReference = FA953E3029A7E4780080C863 /* SwiftArquiteturasTests.xctest */;
			productType = "com.apple.product-type.bundle.unit-test";
		};
		FA953E3C29A7E48D0080C863 /* SwiftArquiteturasUITests */ = {
			isa = PBXNativeTarget;
			buildConfigurationList = FA953E4529A7E48D0080C863 /* Build configuration list for PBXNativeTarget "SwiftArquiteturasUITests" */;
			buildPhases = (
				FA953E3929A7E48D0080C863 /* Sources */,
				FA953E3A29A7E48D0080C863 /* Frameworks */,
				FA953E3B29A7E48D0080C863 /* Resources */,
			);
			buildRules = (
			);
			dependencies = (
				FA953E4429A7E48D0080C863 /* PBXTargetDependency */,
			);
			name = SwiftArquiteturasUITests;
			productName = SwiftArquiteturasUITests;
			productReference = FA953E3D29A7E48D0080C863 /* SwiftArquiteturasUITests.xctest */;
			productType = "com.apple.product-type.bundle.ui-testing";
		};
		FAE65A4029A7A61500CA5BAA /* SwiftArquiteturas */ = {
			isa = PBXNativeTarget;
			buildConfigurationList = FAE65A5529A7A61600CA5BAA /* Build configuration list for PBXNativeTarget "SwiftArquiteturas" */;
			buildPhases = (
				FAE65A3D29A7A61500CA5BAA /* Sources */,
				FAE65A3E29A7A61500CA5BAA /* Frameworks */,
				FAE65A3F29A7A61500CA5BAA /* Resources */,
			);
			buildRules = (
			);
			dependencies = (
			);
			name = SwiftArquiteturas;
			packageProductDependencies = (
				FAE65A5B29A7A87200CA5BAA /* FirebaseAuth */,
			);
			productName = SwiftArquiteturas;
			productReference = FAE65A4129A7A61500CA5BAA /* SwiftArquiteturas.app */;
			productType = "com.apple.product-type.application";
		};
/* End PBXNativeTarget section */

/* Begin PBXProject section */
		FAE65A3929A7A61500CA5BAA /* Project object */ = {
			isa = PBXProject;
			attributes = {
				BuildIndependentTargetsInParallel = 1;
				LastSwiftUpdateCheck = 1320;
				LastUpgradeCheck = 1320;
				TargetAttributes = {
					FA953E2F29A7E4780080C863 = {
						CreatedOnToolsVersion = 13.2.1;
						TestTargetID = FAE65A4029A7A61500CA5BAA;
					};
					FA953E3C29A7E48D0080C863 = {
						CreatedOnToolsVersion = 13.2.1;
						TestTargetID = FAE65A4029A7A61500CA5BAA;
					};
					FAE65A4029A7A61500CA5BAA = {
						CreatedOnToolsVersion = 13.2.1;
					};
				};
			};
			buildConfigurationList = FAE65A3C29A7A61500CA5BAA /* Build configuration list for PBXProject "SwiftArquiteturas" */;
			compatibilityVersion = "Xcode 13.0";
			developmentRegion = en;
			hasScannedForEncodings = 0;
			knownRegions = (
				en,
				Base,
			);
			mainGroup = FAE65A3829A7A61500CA5BAA;
			packageReferences = (
				FAE65A5A29A7A87200CA5BAA /* XCRemoteSwiftPackageReference "firebase-ios-sdk" */,
			);
			productRefGroup = FAE65A4229A7A61500CA5BAA /* Products */;
			projectDirPath = "";
			projectRoot = "";
			targets = (
				FAE65A4029A7A61500CA5BAA /* SwiftArquiteturas */,
				FA953E2F29A7E4780080C863 /* SwiftArquiteturasTests */,
				FA953E3C29A7E48D0080C863 /* SwiftArquiteturasUITests */,
			);
		};
/* End PBXProject section */

/* Begin PBXResourcesBuildPhase section */
		FA953E2E29A7E4780080C863 /* Resources */ = {
			isa = PBXResourcesBuildPhase;
			buildActionMask = 2147483647;
			files = (
			);
			runOnlyForDeploymentPostprocessing = 0;
		};
		FA953E3B29A7E48D0080C863 /* Resources */ = {
			isa = PBXResourcesBuildPhase;
			buildActionMask = 2147483647;
			files = (
			);
			runOnlyForDeploymentPostprocessing = 0;
		};
		FAE65A3F29A7A61500CA5BAA /* Resources */ = {
			isa = PBXResourcesBuildPhase;
			buildActionMask = 2147483647;
			files = (
				FAE65A5129A7A61600CA5BAA /* LaunchScreen.storyboard in Resources */,
				FAE65A5929A7A6CB00CA5BAA /* GoogleService-Info.plist in Resources */,
				FAE65A4E29A7A61600CA5BAA /* Assets.xcassets in Resources */,
				FAE65A4C29A7A61500CA5BAA /* Main.storyboard in Resources */,
			);
			runOnlyForDeploymentPostprocessing = 0;
		};
/* End PBXResourcesBuildPhase section */

/* Begin PBXSourcesBuildPhase section */
		FA953E2C29A7E4780080C863 /* Sources */ = {
			isa = PBXSourcesBuildPhase;
			buildActionMask = 2147483647;
			files = (
				FA953E3329A7E4780080C863 /* SwiftArquiteturasTests.swift in Sources */,
			);
			runOnlyForDeploymentPostprocessing = 0;
		};
		FA953E3929A7E48D0080C863 /* Sources */ = {
			isa = PBXSourcesBuildPhase;
			buildActionMask = 2147483647;
			files = (
				FA953E4229A7E48D0080C863 /* SwiftArquiteturasUITestsLaunchTests.swift in Sources */,
				FA953E4029A7E48D0080C863 /* SwiftArquiteturasUITests.swift in Sources */,
			);
			runOnlyForDeploymentPostprocessing = 0;
		};
		FAE65A3D29A7A61500CA5BAA /* Sources */ = {
			isa = PBXSourcesBuildPhase;
			buildActionMask = 2147483647;
			files = (
				FAE65A4929A7A61500CA5BAA /* ViewController.swift in Sources */,
				FAE65A4529A7A61500CA5BAA /* AppDelegate.swift in Sources */,
				FAE65A4729A7A61500CA5BAA /* SceneDelegate.swift in Sources */,
				FA67E92C29ACFD2200A5AE3E /* HomeView.swift in Sources */,
				FAE65A6829A7B19D00CA5BAA /* UserModel.swift in Sources */,
				FA67E92829ACFB9400A5AE3E /* HomeModels.swift in Sources */,
				FAE65A6529A7B0D500CA5BAA /* UserProvider.swift in Sources */,
				FAE65A6B29A7B64200CA5BAA /* Constants.swift in Sources */,
				FA67E92529ACFB9400A5AE3E /* HomePresenter.swift in Sources */,
				FA953E2B29A7D7BE0080C863 /* UserManager.swift in Sources */,
				FA67E92629ACFB9400A5AE3E /* HomeWorker.swift in Sources */,
				FA953E2929A7D2430080C863 /* UserBusiness.swift in Sources */,
				FA67E92929ACFB9400A5AE3E /* HomeViewController.swift in Sources */,
				FA67E92729ACFB9400A5AE3E /* HomeRouter.swift in Sources */,
				FA67E92A29ACFB9400A5AE3E /* HomeInteractor.swift in Sources */,
			);
			runOnlyForDeploymentPostprocessing = 0;
		};
/* End PBXSourcesBuildPhase section */

/* Begin PBXTargetDependency section */
		FA953E3529A7E4780080C863 /* PBXTargetDependency */ = {
			isa = PBXTargetDependency;
			target = FAE65A4029A7A61500CA5BAA /* SwiftArquiteturas */;
			targetProxy = FA953E3429A7E4780080C863 /* PBXContainerItemProxy */;
		};
		FA953E4429A7E48D0080C863 /* PBXTargetDependency */ = {
			isa = PBXTargetDependency;
			target = FAE65A4029A7A61500CA5BAA /* SwiftArquiteturas */;
			targetProxy = FA953E4329A7E48D0080C863 /* PBXContainerItemProxy */;
		};
/* End PBXTargetDependency section */

/* Begin PBXVariantGroup section */
		FAE65A4A29A7A61500CA5BAA /* Main.storyboard */ = {
			isa = PBXVariantGroup;
			children = (
				FAE65A4B29A7A61500CA5BAA /* Base */,
			);
			name = Main.storyboard;
			sourceTree = "<group>";
		};
		FAE65A4F29A7A61600CA5BAA /* LaunchScreen.storyboard */ = {
			isa = PBXVariantGroup;
			children = (
				FAE65A5029A7A61600CA5BAA /* Base */,
			);
			name = LaunchScreen.storyboard;
			sourceTree = "<group>";
		};
/* End PBXVariantGroup section */

/* Begin XCBuildConfiguration section */
		FA953E3729A7E4780080C863 /* Debug */ = {
			isa = XCBuildConfiguration;
			buildSettings = {
				BUNDLE_LOADER = "$(TEST_HOST)";
				CODE_SIGN_STYLE = Automatic;
				CURRENT_PROJECT_VERSION = 1;
				DEVELOPMENT_TEAM = FR8BBNFFSR;
				GENERATE_INFOPLIST_FILE = YES;
				MARKETING_VERSION = 1.0;
				PRODUCT_BUNDLE_IDENTIFIER = com.igorfortti.SwiftArquiteturasTests;
				PRODUCT_NAME = "$(TARGET_NAME)";
				SWIFT_EMIT_LOC_STRINGS = NO;
				SWIFT_VERSION = 5.0;
				TARGETED_DEVICE_FAMILY = "1,2";
				TEST_HOST = "$(BUILT_PRODUCTS_DIR)/SwiftArquiteturas.app/SwiftArquiteturas";
			};
			name = Debug;
		};
		FA953E3829A7E4780080C863 /* Release */ = {
			isa = XCBuildConfiguration;
			buildSettings = {
				BUNDLE_LOADER = "$(TEST_HOST)";
				CODE_SIGN_STYLE = Automatic;
				CURRENT_PROJECT_VERSION = 1;
				DEVELOPMENT_TEAM = FR8BBNFFSR;
				GENERATE_INFOPLIST_FILE = YES;
				MARKETING_VERSION = 1.0;
				PRODUCT_BUNDLE_IDENTIFIER = com.igorfortti.SwiftArquiteturasTests;
				PRODUCT_NAME = "$(TARGET_NAME)";
				SWIFT_EMIT_LOC_STRINGS = NO;
				SWIFT_VERSION = 5.0;
				TARGETED_DEVICE_FAMILY = "1,2";
				TEST_HOST = "$(BUILT_PRODUCTS_DIR)/SwiftArquiteturas.app/SwiftArquiteturas";
			};
			name = Release;
		};
		FA953E4629A7E48D0080C863 /* Debug */ = {
			isa = XCBuildConfiguration;
			buildSettings = {
				CODE_SIGN_STYLE = Automatic;
				CURRENT_PROJECT_VERSION = 1;
				DEVELOPMENT_TEAM = FR8BBNFFSR;
				GENERATE_INFOPLIST_FILE = YES;
				MARKETING_VERSION = 1.0;
				PRODUCT_BUNDLE_IDENTIFIER = com.igorfortti.SwiftArquiteturasUITests;
				PRODUCT_NAME = "$(TARGET_NAME)";
				SWIFT_EMIT_LOC_STRINGS = NO;
				SWIFT_VERSION = 5.0;
				TARGETED_DEVICE_FAMILY = "1,2";
				TEST_TARGET_NAME = SwiftArquiteturas;
			};
			name = Debug;
		};
		FA953E4729A7E48D0080C863 /* Release */ = {
			isa = XCBuildConfiguration;
			buildSettings = {
				CODE_SIGN_STYLE = Automatic;
				CURRENT_PROJECT_VERSION = 1;
				DEVELOPMENT_TEAM = FR8BBNFFSR;
				GENERATE_INFOPLIST_FILE = YES;
				MARKETING_VERSION = 1.0;
				PRODUCT_BUNDLE_IDENTIFIER = com.igorfortti.SwiftArquiteturasUITests;
				PRODUCT_NAME = "$(TARGET_NAME)";
				SWIFT_EMIT_LOC_STRINGS = NO;
				SWIFT_VERSION = 5.0;
				TARGETED_DEVICE_FAMILY = "1,2";
				TEST_TARGET_NAME = SwiftArquiteturas;
			};
			name = Release;
		};
		FAE65A5329A7A61600CA5BAA /* Debug */ = {
			isa = XCBuildConfiguration;
			buildSettings = {
				ALWAYS_SEARCH_USER_PATHS = NO;
				CLANG_ANALYZER_NONNULL = YES;
				CLANG_ANALYZER_NUMBER_OBJECT_CONVERSION = YES_AGGRESSIVE;
				CLANG_CXX_LANGUAGE_STANDARD = "gnu++17";
				CLANG_CXX_LIBRARY = "libc++";
				CLANG_ENABLE_MODULES = YES;
				CLANG_ENABLE_OBJC_ARC = YES;
				CLANG_ENABLE_OBJC_WEAK = YES;
				CLANG_WARN_BLOCK_CAPTURE_AUTORELEASING = YES;
				CLANG_WARN_BOOL_CONVERSION = YES;
				CLANG_WARN_COMMA = YES;
				CLANG_WARN_CONSTANT_CONVERSION = YES;
				CLANG_WARN_DEPRECATED_OBJC_IMPLEMENTATIONS = YES;
				CLANG_WARN_DIRECT_OBJC_ISA_USAGE = YES_ERROR;
				CLANG_WARN_DOCUMENTATION_COMMENTS = YES;
				CLANG_WARN_EMPTY_BODY = YES;
				CLANG_WARN_ENUM_CONVERSION = YES;
				CLANG_WARN_INFINITE_RECURSION = YES;
				CLANG_WARN_INT_CONVERSION = YES;
				CLANG_WARN_NON_LITERAL_NULL_CONVERSION = YES;
				CLANG_WARN_OBJC_IMPLICIT_RETAIN_SELF = YES;
				CLANG_WARN_OBJC_LITERAL_CONVERSION = YES;
				CLANG_WARN_OBJC_ROOT_CLASS = YES_ERROR;
				CLANG_WARN_QUOTED_INCLUDE_IN_FRAMEWORK_HEADER = YES;
				CLANG_WARN_RANGE_LOOP_ANALYSIS = YES;
				CLANG_WARN_STRICT_PROTOTYPES = YES;
				CLANG_WARN_SUSPICIOUS_MOVE = YES;
				CLANG_WARN_UNGUARDED_AVAILABILITY = YES_AGGRESSIVE;
				CLANG_WARN_UNREACHABLE_CODE = YES;
				CLANG_WARN__DUPLICATE_METHOD_MATCH = YES;
				COPY_PHASE_STRIP = NO;
				DEBUG_INFORMATION_FORMAT = dwarf;
				ENABLE_STRICT_OBJC_MSGSEND = YES;
				ENABLE_TESTABILITY = YES;
				GCC_C_LANGUAGE_STANDARD = gnu11;
				GCC_DYNAMIC_NO_PIC = NO;
				GCC_NO_COMMON_BLOCKS = YES;
				GCC_OPTIMIZATION_LEVEL = 0;
				GCC_PREPROCESSOR_DEFINITIONS = (
					"DEBUG=1",
					"$(inherited)",
				);
				GCC_WARN_64_TO_32_BIT_CONVERSION = YES;
				GCC_WARN_ABOUT_RETURN_TYPE = YES_ERROR;
				GCC_WARN_UNDECLARED_SELECTOR = YES;
				GCC_WARN_UNINITIALIZED_AUTOS = YES_AGGRESSIVE;
				GCC_WARN_UNUSED_FUNCTION = YES;
				GCC_WARN_UNUSED_VARIABLE = YES;
				IPHONEOS_DEPLOYMENT_TARGET = 15.2;
				MTL_ENABLE_DEBUG_INFO = INCLUDE_SOURCE;
				MTL_FAST_MATH = YES;
				ONLY_ACTIVE_ARCH = YES;
				SDKROOT = iphoneos;
				SWIFT_ACTIVE_COMPILATION_CONDITIONS = DEBUG;
				SWIFT_OPTIMIZATION_LEVEL = "-Onone";
			};
			name = Debug;
		};
		FAE65A5429A7A61600CA5BAA /* Release */ = {
			isa = XCBuildConfiguration;
			buildSettings = {
				ALWAYS_SEARCH_USER_PATHS = NO;
				CLANG_ANALYZER_NONNULL = YES;
				CLANG_ANALYZER_NUMBER_OBJECT_CONVERSION = YES_AGGRESSIVE;
				CLANG_CXX_LANGUAGE_STANDARD = "gnu++17";
				CLANG_CXX_LIBRARY = "libc++";
				CLANG_ENABLE_MODULES = YES;
				CLANG_ENABLE_OBJC_ARC = YES;
				CLANG_ENABLE_OBJC_WEAK = YES;
				CLANG_WARN_BLOCK_CAPTURE_AUTORELEASING = YES;
				CLANG_WARN_BOOL_CONVERSION = YES;
				CLANG_WARN_COMMA = YES;
				CLANG_WARN_CONSTANT_CONVERSION = YES;
				CLANG_WARN_DEPRECATED_OBJC_IMPLEMENTATIONS = YES;
				CLANG_WARN_DIRECT_OBJC_ISA_USAGE = YES_ERROR;
				CLANG_WARN_DOCUMENTATION_COMMENTS = YES;
				CLANG_WARN_EMPTY_BODY = YES;
				CLANG_WARN_ENUM_CONVERSION = YES;
				CLANG_WARN_INFINITE_RECURSION = YES;
				CLANG_WARN_INT_CONVERSION = YES;
				CLANG_WARN_NON_LITERAL_NULL_CONVERSION = YES;
				CLANG_WARN_OBJC_IMPLICIT_RETAIN_SELF = YES;
				CLANG_WARN_OBJC_LITERAL_CONVERSION = YES;
				CLANG_WARN_OBJC_ROOT_CLASS = YES_ERROR;
				CLANG_WARN_QUOTED_INCLUDE_IN_FRAMEWORK_HEADER = YES;
				CLANG_WARN_RANGE_LOOP_ANALYSIS = YES;
				CLANG_WARN_STRICT_PROTOTYPES = YES;
				CLANG_WARN_SUSPICIOUS_MOVE = YES;
				CLANG_WARN_UNGUARDED_AVAILABILITY = YES_AGGRESSIVE;
				CLANG_WARN_UNREACHABLE_CODE = YES;
				CLANG_WARN__DUPLICATE_METHOD_MATCH = YES;
				COPY_PHASE_STRIP = NO;
				DEBUG_INFORMATION_FORMAT = "dwarf-with-dsym";
				ENABLE_NS_ASSERTIONS = NO;
				ENABLE_STRICT_OBJC_MSGSEND = YES;
				GCC_C_LANGUAGE_STANDARD = gnu11;
				GCC_NO_COMMON_BLOCKS = YES;
				GCC_WARN_64_TO_32_BIT_CONVERSION = YES;
				GCC_WARN_ABOUT_RETURN_TYPE = YES_ERROR;
				GCC_WARN_UNDECLARED_SELECTOR = YES;
				GCC_WARN_UNINITIALIZED_AUTOS = YES_AGGRESSIVE;
				GCC_WARN_UNUSED_FUNCTION = YES;
				GCC_WARN_UNUSED_VARIABLE = YES;
				IPHONEOS_DEPLOYMENT_TARGET = 15.2;
				MTL_ENABLE_DEBUG_INFO = NO;
				MTL_FAST_MATH = YES;
				SDKROOT = iphoneos;
				SWIFT_COMPILATION_MODE = wholemodule;
				SWIFT_OPTIMIZATION_LEVEL = "-O";
				VALIDATE_PRODUCT = YES;
			};
			name = Release;
		};
		FAE65A5629A7A61600CA5BAA /* Debug */ = {
			isa = XCBuildConfiguration;
			buildSettings = {
				ASSETCATALOG_COMPILER_APPICON_NAME = AppIcon;
				ASSETCATALOG_COMPILER_GLOBAL_ACCENT_COLOR_NAME = AccentColor;
				CODE_SIGN_STYLE = Automatic;
				CURRENT_PROJECT_VERSION = 1;
				DEVELOPMENT_TEAM = FR8BBNFFSR;
				GENERATE_INFOPLIST_FILE = YES;
				INFOPLIST_FILE = SwiftArquiteturas/Info.plist;
				INFOPLIST_KEY_UIApplicationSupportsIndirectInputEvents = YES;
				INFOPLIST_KEY_UILaunchStoryboardName = LaunchScreen;
				INFOPLIST_KEY_UIMainStoryboardFile = Main;
				INFOPLIST_KEY_UISupportedInterfaceOrientations_iPad = "UIInterfaceOrientationPortrait UIInterfaceOrientationPortraitUpsideDown UIInterfaceOrientationLandscapeLeft UIInterfaceOrientationLandscapeRight";
				INFOPLIST_KEY_UISupportedInterfaceOrientations_iPhone = "UIInterfaceOrientationPortrait UIInterfaceOrientationLandscapeLeft UIInterfaceOrientationLandscapeRight";
				LD_RUNPATH_SEARCH_PATHS = (
					"$(inherited)",
					"@executable_path/Frameworks",
				);
				MARKETING_VERSION = 1.0;
				PRODUCT_BUNDLE_IDENTIFIER = com.igorfortti.SwiftArquiteturas;
				PRODUCT_NAME = "$(TARGET_NAME)";
				SWIFT_EMIT_LOC_STRINGS = YES;
				SWIFT_VERSION = 5.0;
				TARGETED_DEVICE_FAMILY = "1,2";
			};
			name = Debug;
		};
		FAE65A5729A7A61600CA5BAA /* Release */ = {
			isa = XCBuildConfiguration;
			buildSettings = {
				ASSETCATALOG_COMPILER_APPICON_NAME = AppIcon;
				ASSETCATALOG_COMPILER_GLOBAL_ACCENT_COLOR_NAME = AccentColor;
				CODE_SIGN_STYLE = Automatic;
				CURRENT_PROJECT_VERSION = 1;
				DEVELOPMENT_TEAM = FR8BBNFFSR;
				GENERATE_INFOPLIST_FILE = YES;
				INFOPLIST_FILE = SwiftArquiteturas/Info.plist;
				INFOPLIST_KEY_UIApplicationSupportsIndirectInputEvents = YES;
				INFOPLIST_KEY_UILaunchStoryboardName = LaunchScreen;
				INFOPLIST_KEY_UIMainStoryboardFile = Main;
				INFOPLIST_KEY_UISupportedInterfaceOrientations_iPad = "UIInterfaceOrientationPortrait UIInterfaceOrientationPortraitUpsideDown UIInterfaceOrientationLandscapeLeft UIInterfaceOrientationLandscapeRight";
				INFOPLIST_KEY_UISupportedInterfaceOrientations_iPhone = "UIInterfaceOrientationPortrait UIInterfaceOrientationLandscapeLeft UIInterfaceOrientationLandscapeRight";
				LD_RUNPATH_SEARCH_PATHS = (
					"$(inherited)",
					"@executable_path/Frameworks",
				);
				MARKETING_VERSION = 1.0;
				PRODUCT_BUNDLE_IDENTIFIER = com.igorfortti.SwiftArquiteturas;
				PRODUCT_NAME = "$(TARGET_NAME)";
				SWIFT_EMIT_LOC_STRINGS = YES;
				SWIFT_VERSION = 5.0;
				TARGETED_DEVICE_FAMILY = "1,2";
			};
			name = Release;
		};
/* End XCBuildConfiguration section */

/* Begin XCConfigurationList section */
		FA953E3629A7E4780080C863 /* Build configuration list for PBXNativeTarget "SwiftArquiteturasTests" */ = {
			isa = XCConfigurationList;
			buildConfigurations = (
				FA953E3729A7E4780080C863 /* Debug */,
				FA953E3829A7E4780080C863 /* Release */,
			);
			defaultConfigurationIsVisible = 0;
			defaultConfigurationName = Release;
		};
		FA953E4529A7E48D0080C863 /* Build configuration list for PBXNativeTarget "SwiftArquiteturasUITests" */ = {
			isa = XCConfigurationList;
			buildConfigurations = (
				FA953E4629A7E48D0080C863 /* Debug */,
				FA953E4729A7E48D0080C863 /* Release */,
			);
			defaultConfigurationIsVisible = 0;
			defaultConfigurationName = Release;
		};
		FAE65A3C29A7A61500CA5BAA /* Build configuration list for PBXProject "SwiftArquiteturas" */ = {
			isa = XCConfigurationList;
			buildConfigurations = (
				FAE65A5329A7A61600CA5BAA /* Debug */,
				FAE65A5429A7A61600CA5BAA /* Release */,
			);
			defaultConfigurationIsVisible = 0;
			defaultConfigurationName = Release;
		};
		FAE65A5529A7A61600CA5BAA /* Build configuration list for PBXNativeTarget "SwiftArquiteturas" */ = {
			isa = XCConfigurationList;
			buildConfigurations = (
				FAE65A5629A7A61600CA5BAA /* Debug */,
				FAE65A5729A7A61600CA5BAA /* Release */,
			);
			defaultConfigurationIsVisible = 0;
			defaultConfigurationName = Release;
		};
/* End XCConfigurationList section */

/* Begin XCRemoteSwiftPackageReference section */
		FAE65A5A29A7A87200CA5BAA /* XCRemoteSwiftPackageReference "firebase-ios-sdk" */ = {
			isa = XCRemoteSwiftPackageReference;
			repositoryURL = "https://github.com/firebase/firebase-ios-sdk";
			requirement = {
				kind = exactVersion;
				version = 9.6.0;
			};
		};
/* End XCRemoteSwiftPackageReference section */

/* Begin XCSwiftPackageProductDependency section */
		FAE65A5B29A7A87200CA5BAA /* FirebaseAuth */ = {
			isa = XCSwiftPackageProductDependency;
			package = FAE65A5A29A7A87200CA5BAA /* XCRemoteSwiftPackageReference "firebase-ios-sdk" */;
			productName = FirebaseAuth;
		};
/* End XCSwiftPackageProductDependency section */
	};
	rootObject = FAE65A3929A7A61500CA5BAA /* Project object */;
}
